{
  "name": "2f7e7bff16d1c534",
  "lockfileVersion": 3,
  "requires": true,
  "packages": {
    "": {
      "dependencies": {
        "create-vue": "^3.10.3"
      }
    },
    "node_modules/create-vue": {
      "version": "3.10.3",
      "resolved": "https://registry.npmmirror.com/create-vue/-/create-vue-3.10.3.tgz",
      "integrity": "sha512-QvGBTbkc/t8NOB8nWCxkF1cRUCczMX67LH1ZgWynJNqgUz0BffnF7NYK5hwFuuoDOUa5GcA0aWRHHNYU+OehtQ==",
      "bin": {
        "create-vue": "outfile.cjs"
      },
      "engines": {
        "node": ">=v16.20.0"
      }
    }
  }
}
